
Microsoft Visual Studio Solution File, Format Version 12.00
# Visual Studio 15
VisualStudioVersion = 15.0.28307.902
MinimumVisualStudioVersion = 10.0.40219.1
Project("{9A19103F-16F7-4668-BE54-9A1E7A4F7556}") = "BE", "BE\BE.csproj", "{A085FAB9-FD6C-4919-84DC-8CF711C4F2A9}"
EndProject
Project("{FAE04EC0-301F-11D3-BF4B-00C04F79EFBC}") = "DAL", "DAL\DAL.csproj", "{C2288475-28E5-4F6E-ABE5-792190EFA583}"
EndProject
Project("{FAE04EC0-301F-11D3-BF4B-00C04F79EFBC}") = "DS", "DS\DS.csproj", "{3D6CF486-4854-45B0-B0A5-4899DA8F7641}"
EndProject
Project("{FAE04EC0-301F-11D3-BF4B-00C04F79EFBC}") = "BL", "BL\BL.csproj", "{C06E18F3-D5AE-4252-9732-DF98A663D878}"
EndProject
Project("{FAE04EC0-301F-11D3-BF4B-00C04F79EFBC}") = "PLWPF", "PLWPF\PLWPF.csproj", "{70471301-F3D8-4465-89D7-9C3557DE41DE}"
EndProject
Global
	GlobalSection(SolutionConfigurationPlatforms) = preSolution
		Debug|Any CPU = Debug|Any CPU
		Release|Any CPU = Release|Any CPU
	EndGlobalSection
	GlobalSection(ProjectConfigurationPlatforms) = postSolution
		{A085FAB9-FD6C-4919-84DC-8CF711C4F2A9}.Debug|Any CPU.ActiveCfg = Debug|Any CPU
		{A085FAB9-FD6C-4919-84DC-8CF711C4F2A9}.Debug|Any CPU.Build.0 = Debug|Any CPU
		{A085FAB9-FD6C-4919-84DC-8CF711C4F2A9}.Release|Any CPU.ActiveCfg = Release|Any CPU
		{A085FAB9-FD6C-4919-84DC-8CF711C4F2A9}.Release|Any CPU.Build.0 = Release|Any CPU
		{C2288475-28E5-4F6E-ABE5-792190EFA583}.Debug|Any CPU.ActiveCfg = Debug|Any CPU
		{C2288475-28E5-4F6E-ABE5-792190EFA583}.Debug|Any CPU.Build.0 = Debug|Any CPU
		{C2288475-28E5-4F6E-ABE5-792190EFA583}.Release|Any CPU.ActiveCfg = Release|Any CPU
		{C2288475-28E5-4F6E-ABE5-792190EFA583}.Release|Any CPU.Build.0 = Release|Any CPU
		{3D6CF486-4854-45B0-B0A5-4899DA8F7641}.Debug|Any CPU.ActiveCfg = Debug|Any CPU
		{3D6CF486-4854-45B0-B0A5-4899DA8F7641}.Debug|Any CPU.Build.0 = Debug|Any CPU
		{3D6CF486-4854-45B0-B0A5-4899DA8F7641}.Release|Any CPU.ActiveCfg = Release|Any CPU
		{3D6CF486-4854-45B0-B0A5-4899DA8F7641}.Release|Any CPU.Build.0 = Release|Any CPU
		{C06E18F3-D5AE-4252-9732-DF98A663D878}.Debug|Any CPU.ActiveCfg = Debug|Any CPU
		{C06E18F3-D5AE-4252-9732-DF98A663D878}.Debug|Any CPU.Build.0 = Debug|Any CPU
		{C06E18F3-D5AE-4252-9732-DF98A663D878}.Release|Any CPU.ActiveCfg = Release|Any CPU
		{C06E18F3-D5AE-4252-9732-DF98A663D878}.Release|Any CPU.Build.0 = Release|Any CPU
		{70471301-F3D8-4465-89D7-9C3557DE41DE}.Debug|Any CPU.ActiveCfg = Debug|Any CPU
		{70471301-F3D8-4465-89D7-9C3557DE41DE}.Debug|Any CPU.Build.0 = Debug|Any CPU
		{70471301-F3D8-4465-89D7-9C3557DE41DE}.Release|Any CPU.ActiveCfg = Release|Any CPU
		{70471301-F3D8-4465-89D7-9C3557DE41DE}.Release|Any CPU.Build.0 = Release|Any CPU
	EndGlobalSection
	GlobalSection(SolutionProperties) = preSolution
		HideSolutionNode = FALSE
	EndGlobalSection
	GlobalSection(ExtensibilityGlobals) = postSolution
		SolutionGuid = {10D59A9C-FD0B-4679-AFDB-82372E59F1FB}
	EndGlobalSection
EndGlobal
